// !$*UTF8*$!
{
	archiveVersion = 1;
	classes = {
	};
	objectVersion = 46;
	objects = {

/* Begin PBXBuildFile section */
		84ADFB6C4FF14DCC62AADB93 /* libPods-SimpleTumblrClient.a in Frameworks */ = {isa = PBXBuildFile; fileRef = 4BEA5E9E69D72CB637F8DCAC /* libPods-SimpleTumblrClient.a */; };
		D16E93F61CC905FE0076C45A /* main.m in Sources */ = {isa = PBXBuildFile; fileRef = D16E93F51CC905FE0076C45A /* main.m */; };
		D16E93F91CC905FE0076C45A /* JEDAppDelegate.m in Sources */ = {isa = PBXBuildFile; fileRef = D16E93F81CC905FE0076C45A /* JEDAppDelegate.m */; };
		D16E93FC1CC905FE0076C45A /* JEDViewController.m in Sources */ = {isa = PBXBuildFile; fileRef = D16E93FB1CC905FE0076C45A /* JEDViewController.m */; };
		D16E94021CC905FE0076C45A /* SimpleTumblrClient.xcdatamodeld in Sources */ = {isa = PBXBuildFile; fileRef = D16E94001CC905FE0076C45A /* SimpleTumblrClient.xcdatamodeld */; };
		D16E94041CC905FE0076C45A /* Assets.xcassets in Resources */ = {isa = PBXBuildFile; fileRef = D16E94031CC905FE0076C45A /* Assets.xcassets */; };
		D16E94071CC905FE0076C45A /* LaunchScreen.storyboard in Resources */ = {isa = PBXBuildFile; fileRef = D16E94051CC905FE0076C45A /* LaunchScreen.storyboard */; };
		D16E94121CC905FE0076C45A /* SimpleTumblrClientTests.m in Sources */ = {isa = PBXBuildFile; fileRef = D16E94111CC905FE0076C45A /* SimpleTumblrClientTests.m */; };
		D16E941D1CC905FE0076C45A /* SimpleTumblrClientUITests.m in Sources */ = {isa = PBXBuildFile; fileRef = D16E941C1CC905FE0076C45A /* SimpleTumblrClientUITests.m */; };
		D16E942C1CCBBC820076C45A /* JEDPost.m in Sources */ = {isa = PBXBuildFile; fileRef = D16E942B1CCBBC820076C45A /* JEDPost.m */; };
		D16E942F1CCBC0FD0076C45A /* JEDFeedResponse.m in Sources */ = {isa = PBXBuildFile; fileRef = D16E942E1CCBC0FD0076C45A /* JEDFeedResponse.m */; };
		D16E94321CCE603B0076C45A /* JEDPhotoPost.m in Sources */ = {isa = PBXBuildFile; fileRef = D16E94311CCE603B0076C45A /* JEDPhotoPost.m */; };
/* End PBXBuildFile section */

/* Begin PBXContainerItemProxy section */
		D16E940E1CC905FE0076C45A /* PBXContainerItemProxy */ = {
			isa = PBXContainerItemProxy;
			containerPortal = D16E93E91CC905FE0076C45A /* Project object */;
			proxyType = 1;
			remoteGlobalIDString = D16E93F01CC905FE0076C45A;
			remoteInfo = SimpleTumblrClient;
		};
		D16E94191CC905FE0076C45A /* PBXContainerItemProxy */ = {
			isa = PBXContainerItemProxy;
			containerPortal = D16E93E91CC905FE0076C45A /* Project object */;
			proxyType = 1;
			remoteGlobalIDString = D16E93F01CC905FE0076C45A;
			remoteInfo = SimpleTumblrClient;
		};
/* End PBXContainerItemProxy section */

/* Begin PBXFileReference section */
		4BEA5E9E69D72CB637F8DCAC /* libPods-SimpleTumblrClient.a */ = {isa = PBXFileReference; explicitFileType = archive.ar; includeInIndex = 0; path = "libPods-SimpleTumblrClient.a"; sourceTree = BUILT_PRODUCTS_DIR; };
		5EB802A05F90CD4DE363D823 /* Pods-SimpleTumblrClient.release.xcconfig */ = {isa = PBXFileReference; includeInIndex = 1; lastKnownFileType = text.xcconfig; name = "Pods-SimpleTumblrClient.release.xcconfig"; path = "Pods/Target Support Files/Pods-SimpleTumblrClient/Pods-SimpleTumblrClient.release.xcconfig"; sourceTree = "<group>"; };
		7F0964C40753850D63D607F1 /* Pods-SimpleTumblrClient.debug.xcconfig */ = {isa = PBXFileReference; includeInIndex = 1; lastKnownFileType = text.xcconfig; name = "Pods-SimpleTumblrClient.debug.xcconfig"; path = "Pods/Target Support Files/Pods-SimpleTumblrClient/Pods-SimpleTumblrClient.debug.xcconfig"; sourceTree = "<group>"; };
		D16E93F11CC905FE0076C45A /* SimpleTumblrClient.app */ = {isa = PBXFileReference; explicitFileType = wrapper.application; includeInIndex = 0; path = SimpleTumblrClient.app; sourceTree = BUILT_PRODUCTS_DIR; };
		D16E93F51CC905FE0076C45A /* main.m */ = {isa = PBXFileReference; lastKnownFileType = sourcecode.c.objc; path = main.m; sourceTree = "<group>"; };
		D16E93F71CC905FE0076C45A /* JEDAppDelegate.h */ = {isa = PBXFileReference; lastKnownFileType = sourcecode.c.h; path = JEDAppDelegate.h; sourceTree = "<group>"; };
		D16E93F81CC905FE0076C45A /* JEDAppDelegate.m */ = {isa = PBXFileReference; lastKnownFileType = sourcecode.c.objc; path = JEDAppDelegate.m; sourceTree = "<group>"; };
		D16E93FA1CC905FE0076C45A /* JEDViewController.h */ = {isa = PBXFileReference; lastKnownFileType = sourcecode.c.h; path = JEDViewController.h; sourceTree = "<group>"; };
		D16E93FB1CC905FE0076C45A /* JEDViewController.m */ = {isa = PBXFileReference; lastKnownFileType = sourcecode.c.objc; path = JEDViewController.m; sourceTree = "<group>"; };
		D16E94011CC905FE0076C45A /* SimpleTumblrClient.xcdatamodel */ = {isa = PBXFileReference; lastKnownFileType = wrapper.xcdatamodel; path = SimpleTumblrClient.xcdatamodel; sourceTree = "<group>"; };
		D16E94031CC905FE0076C45A /* Assets.xcassets */ = {isa = PBXFileReference; lastKnownFileType = folder.assetcatalog; path = Assets.xcassets; sourceTree = "<group>"; };
		D16E94061CC905FE0076C45A /* Base */ = {isa = PBXFileReference; lastKnownFileType = file.storyboard; name = Base; path = Base.lproj/LaunchScreen.storyboard; sourceTree = "<group>"; };
		D16E94081CC905FE0076C45A /* Info.plist */ = {isa = PBXFileReference; lastKnownFileType = text.plist.xml; path = Info.plist; sourceTree = "<group>"; };
		D16E940D1CC905FE0076C45A /* SimpleTumblrClientTests.xctest */ = {isa = PBXFileReference; explicitFileType = wrapper.cfbundle; includeInIndex = 0; path = SimpleTumblrClientTests.xctest; sourceTree = BUILT_PRODUCTS_DIR; };
		D16E94111CC905FE0076C45A /* SimpleTumblrClientTests.m */ = {isa = PBXFileReference; lastKnownFileType = sourcecode.c.objc; path = SimpleTumblrClientTests.m; sourceTree = "<group>"; };
		D16E94131CC905FE0076C45A /* Info.plist */ = {isa = PBXFileReference; lastKnownFileType = text.plist.xml; path = Info.plist; sourceTree = "<group>"; };
		D16E94181CC905FE0076C45A /* SimpleTumblrClientUITests.xctest */ = {isa = PBXFileReference; explicitFileType = wrapper.cfbundle; includeInIndex = 0; path = SimpleTumblrClientUITests.xctest; sourceTree = BUILT_PRODUCTS_DIR; };
		D16E941C1CC905FE0076C45A /* SimpleTumblrClientUITests.m */ = {isa = PBXFileReference; lastKnownFileType = sourcecode.c.objc; path = SimpleTumblrClientUITests.m; sourceTree = "<group>"; };
		D16E941E1CC905FE0076C45A /* Info.plist */ = {isa = PBXFileReference; lastKnownFileType = text.plist.xml; path = Info.plist; sourceTree = "<group>"; };
		D16E942A1CCBBC820076C45A /* JEDPost.h */ = {isa = PBXFileReference; fileEncoding = 4; lastKnownFileType = sourcecode.c.h; path = JEDPost.h; sourceTree = "<group>"; };
		D16E942B1CCBBC820076C45A /* JEDPost.m */ = {isa = PBXFileReference; fileEncoding = 4; lastKnownFileType = sourcecode.c.objc; path = JEDPost.m; sourceTree = "<group>"; };
		D16E942D1CCBC0FD0076C45A /* JEDFeedResponse.h */ = {isa = PBXFileReference; fileEncoding = 4; lastKnownFileType = sourcecode.c.h; path = JEDFeedResponse.h; sourceTree = "<group>"; };
		D16E942E1CCBC0FD0076C45A /* JEDFeedResponse.m */ = {isa = PBXFileReference; fileEncoding = 4; lastKnownFileType = sourcecode.c.objc; path = JEDFeedResponse.m; sourceTree = "<group>"; };
		D16E94301CCE603B0076C45A /* JEDPhotoPost.h */ = {isa = PBXFileReference; fileEncoding = 4; lastKnownFileType = sourcecode.c.h; path = JEDPhotoPost.h; sourceTree = "<group>"; };
		D16E94311CCE603B0076C45A /* JEDPhotoPost.m */ = {isa = PBXFileReference; fileEncoding = 4; lastKnownFileType = sourcecode.c.objc; path = JEDPhotoPost.m; sourceTree = "<group>"; };
/* End PBXFileReference section */

/* Begin PBXFrameworksBuildPhase section */
		D16E93EE1CC905FE0076C45A /* Frameworks */ = {
			isa = PBXFrameworksBuildPhase;
			buildActionMask = 2147483647;
			files = (
				84ADFB6C4FF14DCC62AADB93 /* libPods-SimpleTumblrClient.a in Frameworks */,
			);
			runOnlyForDeploymentPostprocessing = 0;
		};
		D16E940A1CC905FE0076C45A /* Frameworks */ = {
			isa = PBXFrameworksBuildPhase;
			buildActionMask = 2147483647;
			files = (
			);
			runOnlyForDeploymentPostprocessing = 0;
		};
		D16E94151CC905FE0076C45A /* Frameworks */ = {
			isa = PBXFrameworksBuildPhase;
			buildActionMask = 2147483647;
			files = (
			);
			runOnlyForDeploymentPostprocessing = 0;
		};
/* End PBXFrameworksBuildPhase section */

/* Begin PBXGroup section */
		618B5E1B129C7BFDFD5AF32B /* Pods */ = {
			isa = PBXGroup;
			children = (
				7F0964C40753850D63D607F1 /* Pods-SimpleTumblrClient.debug.xcconfig */,
				5EB802A05F90CD4DE363D823 /* Pods-SimpleTumblrClient.release.xcconfig */,
			);
			name = Pods;
			sourceTree = "<group>";
		};
		C10236B86E6F77D63F3DC1AB /* Frameworks */ = {
			isa = PBXGroup;
			children = (
				4BEA5E9E69D72CB637F8DCAC /* libPods-SimpleTumblrClient.a */,
			);
			name = Frameworks;
			sourceTree = "<group>";
		};
		D16E93E81CC905FE0076C45A = {
			isa = PBXGroup;
			children = (
				D16E93F31CC905FE0076C45A /* SimpleTumblrClient */,
				D16E94101CC905FE0076C45A /* SimpleTumblrClientTests */,
				D16E941B1CC905FE0076C45A /* SimpleTumblrClientUITests */,
				D16E93F21CC905FE0076C45A /* Products */,
				618B5E1B129C7BFDFD5AF32B /* Pods */,
				C10236B86E6F77D63F3DC1AB /* Frameworks */,
			);
			sourceTree = "<group>";
		};
		D16E93F21CC905FE0076C45A /* Products */ = {
			isa = PBXGroup;
			children = (
				D16E93F11CC905FE0076C45A /* SimpleTumblrClient.app */,
				D16E940D1CC905FE0076C45A /* SimpleTumblrClientTests.xctest */,
				D16E94181CC905FE0076C45A /* SimpleTumblrClientUITests.xctest */,
			);
			name = Products;
			sourceTree = "<group>";
		};
		D16E93F31CC905FE0076C45A /* SimpleTumblrClient */ = {
			isa = PBXGroup;
			children = (
				D16E93F71CC905FE0076C45A /* JEDAppDelegate.h */,
				D16E93F81CC905FE0076C45A /* JEDAppDelegate.m */,
				D16E93FA1CC905FE0076C45A /* JEDViewController.h */,
				D16E93FB1CC905FE0076C45A /* JEDViewController.m */,
				D16E942A1CCBBC820076C45A /* JEDPost.h */,
				D16E942B1CCBBC820076C45A /* JEDPost.m */,
				D16E94301CCE603B0076C45A /* JEDPhotoPost.h */,
				D16E94311CCE603B0076C45A /* JEDPhotoPost.m */,
				D16E942D1CCBC0FD0076C45A /* JEDFeedResponse.h */,
				D16E942E1CCBC0FD0076C45A /* JEDFeedResponse.m */,
				D16E94031CC905FE0076C45A /* Assets.xcassets */,
				D16E94051CC905FE0076C45A /* LaunchScreen.storyboard */,
				D16E94081CC905FE0076C45A /* Info.plist */,
				D16E94001CC905FE0076C45A /* SimpleTumblrClient.xcdatamodeld */,
				D16E93F41CC905FE0076C45A /* Supporting Files */,
			);
			path = SimpleTumblrClient;
			sourceTree = "<group>";
		};
		D16E93F41CC905FE0076C45A /* Supporting Files */ = {
			isa = PBXGroup;
			children = (
				D16E93F51CC905FE0076C45A /* main.m */,
			);
			name = "Supporting Files";
			sourceTree = "<group>";
		};
		D16E94101CC905FE0076C45A /* SimpleTumblrClientTests */ = {
			isa = PBXGroup;
			children = (
				D16E94111CC905FE0076C45A /* SimpleTumblrClientTests.m */,
				D16E94131CC905FE0076C45A /* Info.plist */,
			);
			path = SimpleTumblrClientTests;
			sourceTree = "<group>";
		};
		D16E941B1CC905FE0076C45A /* SimpleTumblrClientUITests */ = {
			isa = PBXGroup;
			children = (
				D16E941C1CC905FE0076C45A /* SimpleTumblrClientUITests.m */,
				D16E941E1CC905FE0076C45A /* Info.plist */,
			);
			path = SimpleTumblrClientUITests;
			sourceTree = "<group>";
		};
/* End PBXGroup section */

/* Begin PBXNativeTarget section */
		D16E93F01CC905FE0076C45A /* SimpleTumblrClient */ = {
			isa = PBXNativeTarget;
			buildConfigurationList = D16E94211CC905FE0076C45A /* Build configuration list for PBXNativeTarget "SimpleTumblrClient" */;
			buildPhases = (
				C287A6F9485F2F673CBF159A /* Check Pods Manifest.lock */,
				D16E93ED1CC905FE0076C45A /* Sources */,
				D16E93EE1CC905FE0076C45A /* Frameworks */,
				D16E93EF1CC905FE0076C45A /* Resources */,
				5FCE4BF442A969DB0E959D6D /* Embed Pods Frameworks */,
				6C8176E0B68E9721B3F0EFEE /* Copy Pods Resources */,
			);
			buildRules = (
			);
			dependencies = (
			);
			name = SimpleTumblrClient;
			productName = SimpleTumblrClient;
			productReference = D16E93F11CC905FE0076C45A /* SimpleTumblrClient.app */;
			productType = "com.apple.product-type.application";
		};
		D16E940C1CC905FE0076C45A /* SimpleTumblrClientTests */ = {
			isa = PBXNativeTarget;
			buildConfigurationList = D16E94241CC905FE0076C45A /* Build configuration list for PBXNativeTarget "SimpleTumblrClientTests" */;
			buildPhases = (
				D16E94091CC905FE0076C45A /* Sources */,
				D16E940A1CC905FE0076C45A /* Frameworks */,
				D16E940B1CC905FE0076C45A /* Resources */,
			);
			buildRules = (
			);
			dependencies = (
				D16E940F1CC905FE0076C45A /* PBXTargetDependency */,
			);
			name = SimpleTumblrClientTests;
			productName = SimpleTumblrClientTests;
			productReference = D16E940D1CC905FE0076C45A /* SimpleTumblrClientTests.xctest */;
			productType = "com.apple.product-type.bundle.unit-test";
		};
		D16E94171CC905FE0076C45A /* SimpleTumblrClientUITests */ = {
			isa = PBXNativeTarget;
			buildConfigurationList = D16E94271CC905FE0076C45A /* Build configuration list for PBXNativeTarget "SimpleTumblrClientUITests" */;
			buildPhases = (
				D16E94141CC905FE0076C45A /* Sources */,
				D16E94151CC905FE0076C45A /* Frameworks */,
				D16E94161CC905FE0076C45A /* Resources */,
			);
			buildRules = (
			);
			dependencies = (
				D16E941A1CC905FE0076C45A /* PBXTargetDependency */,
			);
			name = SimpleTumblrClientUITests;
			productName = SimpleTumblrClientUITests;
			productReference = D16E94181CC905FE0076C45A /* SimpleTumblrClientUITests.xctest */;
			productType = "com.apple.product-type.bundle.ui-testing";
		};
/* End PBXNativeTarget section */

/* Begin PBXProject section */
		D16E93E91CC905FE0076C45A /* Project object */ = {
			isa = PBXProject;
			attributes = {
				CLASSPREFIX = JED;
				LastUpgradeCheck = 0730;
				ORGANIZATIONNAME = "Justyna Dolińska";
				TargetAttributes = {
					D16E93F01CC905FE0076C45A = {
						CreatedOnToolsVersion = 7.3;
					};
					D16E940C1CC905FE0076C45A = {
						CreatedOnToolsVersion = 7.3;
						TestTargetID = D16E93F01CC905FE0076C45A;
					};
					D16E94171CC905FE0076C45A = {
						CreatedOnToolsVersion = 7.3;
						TestTargetID = D16E93F01CC905FE0076C45A;
					};
				};
			};
			buildConfigurationList = D16E93EC1CC905FE0076C45A /* Build configuration list for PBXProject "SimpleTumblrClient" */;
			compatibilityVersion = "Xcode 3.2";
			developmentRegion = English;
			hasScannedForEncodings = 0;
			knownRegions = (
				en,
				Base,
			);
			mainGroup = D16E93E81CC905FE0076C45A;
			productRefGroup = D16E93F21CC905FE0076C45A /* Products */;
			projectDirPath = "";
			projectRoot = "";
			targets = (
				D16E93F01CC905FE0076C45A /* SimpleTumblrClient */,
				D16E940C1CC905FE0076C45A /* SimpleTumblrClientTests */,
				D16E94171CC905FE0076C45A /* SimpleTumblrClientUITests */,
			);
		};
/* End PBXProject section */

/* Begin PBXResourcesBuildPhase section */
		D16E93EF1CC905FE0076C45A /* Resources */ = {
			isa = PBXResourcesBuildPhase;
			buildActionMask = 2147483647;
			files = (
				D16E94071CC905FE0076C45A /* LaunchScreen.storyboard in Resources */,
				D16E94041CC905FE0076C45A /* Assets.xcassets in Resources */,
			);
			runOnlyForDeploymentPostprocessing = 0;
		};
		D16E940B1CC905FE0076C45A /* Resources */ = {
			isa = PBXResourcesBuildPhase;
			buildActionMask = 2147483647;
			files = (
			);
			runOnlyForDeploymentPostprocessing = 0;
		};
		D16E94161CC905FE0076C45A /* Resources */ = {
			isa = PBXResourcesBuildPhase;
			buildActionMask = 2147483647;
			files = (
			);
			runOnlyForDeploymentPostprocessing = 0;
		};
/* End PBXResourcesBuildPhase section */

/* Begin PBXShellScriptBuildPhase section */
		5FCE4BF442A969DB0E959D6D /* Embed Pods Frameworks */ = {
			isa = PBXShellScriptBuildPhase;
			buildActionMask = 2147483647;
			files = (
			);
			inputPaths = (
			);
			name = "Embed Pods Frameworks";
			outputPaths = (
			);
			runOnlyForDeploymentPostprocessing = 0;
			shellPath = /bin/sh;
			shellScript = "\"${SRCROOT}/Pods/Target Support Files/Pods-SimpleTumblrClient/Pods-SimpleTumblrClient-frameworks.sh\"\n";
			showEnvVarsInLog = 0;
		};
		6C8176E0B68E9721B3F0EFEE /* Copy Pods Resources */ = {
			isa = PBXShellScriptBuildPhase;
			buildActionMask = 2147483647;
			files = (
			);
			inputPaths = (
			);
			name = "Copy Pods Resources";
			outputPaths = (
			);
			runOnlyForDeploymentPostprocessing = 0;
			shellPath = /bin/sh;
			shellScript = "\"${SRCROOT}/Pods/Target Support Files/Pods-SimpleTumblrClient/Pods-SimpleTumblrClient-resources.sh\"\n";
			showEnvVarsInLog = 0;
		};
		C287A6F9485F2F673CBF159A /* Check Pods Manifest.lock */ = {
			isa = PBXShellScriptBuildPhase;
			buildActionMask = 2147483647;
			files = (
			);
			inputPaths = (
			);
			name = "Check Pods Manifest.lock";
			outputPaths = (
			);
			runOnlyForDeploymentPostprocessing = 0;
			shellPath = /bin/sh;
			shellScript = "diff \"${PODS_ROOT}/../Podfile.lock\" \"${PODS_ROOT}/Manifest.lock\" > /dev/null\nif [[ $? != 0 ]] ; then\n    cat << EOM\nerror: The sandbox is not in sync with the Podfile.lock. Run 'pod install' or update your CocoaPods installation.\nEOM\n    exit 1\nfi\n";
			showEnvVarsInLog = 0;
		};
/* End PBXShellScriptBuildPhase section */

/* Begin PBXSourcesBuildPhase section */
		D16E93ED1CC905FE0076C45A /* Sources */ = {
			isa = PBXSourcesBuildPhase;
			buildActionMask = 2147483647;
			files = (
				D16E942F1CCBC0FD0076C45A /* JEDFeedResponse.m in Sources */,
				D16E93FC1CC905FE0076C45A /* JEDViewController.m in Sources */,
				D16E93F91CC905FE0076C45A /* JEDAppDelegate.m in Sources */,
				D16E94321CCE603B0076C45A /* JEDPhotoPost.m in Sources */,
				D16E942C1CCBBC820076C45A /* JEDPost.m in Sources */,
				D16E94021CC905FE0076C45A /* SimpleTumblrClient.xcdatamodeld in Sources */,
				D16E93F61CC905FE0076C45A /* main.m in Sources */,
			);
			runOnlyForDeploymentPostprocessing = 0;
		};
		D16E94091CC905FE0076C45A /* Sources */ = {
			isa = PBXSourcesBuildPhase;
			buildActionMask = 2147483647;
			files = (
				D16E94121CC905FE0076C45A /* SimpleTumblrClientTests.m in Sources */,
			);
			runOnlyForDeploymentPostprocessing = 0;
		};
		D16E94141CC905FE0076C45A /* Sources */ = {
			isa = PBXSourcesBuildPhase;
			buildActionMask = 2147483647;
			files = (
				D16E941D1CC905FE0076C45A /* SimpleTumblrClientUITests.m in Sources */,
			);
			runOnlyForDeploymentPostprocessing = 0;
		};
/* End PBXSourcesBuildPhase section */

/* Begin PBXTargetDependency section */
		D16E940F1CC905FE0076C45A /* PBXTargetDependency */ = {
			isa = PBXTargetDependency;
			target = D16E93F01CC905FE0076C45A /* SimpleTumblrClient */;
			targetProxy = D16E940E1CC905FE0076C45A /* PBXContainerItemProxy */;
		};
		D16E941A1CC905FE0076C45A /* PBXTargetDependency */ = {
			isa = PBXTargetDependency;
			target = D16E93F01CC905FE0076C45A /* SimpleTumblrClient */;
			targetProxy = D16E94191CC905FE0076C45A /* PBXContainerItemProxy */;
		};
/* End PBXTargetDependency section */

/* Begin PBXVariantGroup section */
		D16E94051CC905FE0076C45A /* LaunchScreen.storyboard */ = {
			isa = PBXVariantGroup;
			children = (
				D16E94061CC905FE0076C45A /* Base */,
			);
			name = LaunchScreen.storyboard;
			sourceTree = "<group>";
		};
/* End PBXVariantGroup section */

/* Begin XCBuildConfiguration section */
		D16E941F1CC905FE0076C45A /* Debug */ = {
			isa = XCBuildConfiguration;
			buildSettings = {
				ALWAYS_SEARCH_USER_PATHS = NO;
				CLANG_ANALYZER_NONNULL = YES;
				CLANG_CXX_LANGUAGE_STANDARD = "gnu++0x";
				CLANG_CXX_LIBRARY = "libc++";
				CLANG_ENABLE_MODULES = YES;
				CLANG_ENABLE_OBJC_ARC = YES;
				CLANG_WARN_BOOL_CONVERSION = YES;
				CLANG_WARN_CONSTANT_CONVERSION = YES;
				CLANG_WARN_DIRECT_OBJC_ISA_USAGE = YES_ERROR;
				CLANG_WARN_EMPTY_BODY = YES;
				CLANG_WARN_ENUM_CONVERSION = YES;
				CLANG_WARN_INT_CONVERSION = YES;
				CLANG_WARN_OBJC_ROOT_CLASS = YES_ERROR;
				CLANG_WARN_UNREACHABLE_CODE = YES;
				CLANG_WARN__DUPLICATE_METHOD_MATCH = YES;
				"CODE_SIGN_IDENTITY[sdk=iphoneos*]" = "iPhone Developer";
				COPY_PHASE_STRIP = NO;
				DEBUG_INFORMATION_FORMAT = dwarf;
				ENABLE_STRICT_OBJC_MSGSEND = YES;
				ENABLE_TESTABILITY = YES;
				GCC_C_LANGUAGE_STANDARD = gnu99;
				GCC_DYNAMIC_NO_PIC = NO;
				GCC_NO_COMMON_BLOCKS = YES;
				GCC_OPTIMIZATION_LEVEL = 0;
				GCC_PREPROCESSOR_DEFINITIONS = (
					"DEBUG=1",
					"$(inherited)",
				);
				GCC_WARN_64_TO_32_BIT_CONVERSION = YES;
				GCC_WARN_ABOUT_RETURN_TYPE = YES_ERROR;
				GCC_WARN_UNDECLARED_SELECTOR = YES;
				GCC_WARN_UNINITIALIZED_AUTOS = YES_AGGRESSIVE;
				GCC_WARN_UNUSED_FUNCTION = YES;
				GCC_WARN_UNUSED_VARIABLE = YES;
				IPHONEOS_DEPLOYMENT_TARGET = 9.3;
				MTL_ENABLE_DEBUG_INFO = YES;
				ONLY_ACTIVE_ARCH = YES;
				SDKROOT = iphoneos;
			};
			name = Debug;
		};
		D16E94201CC905FE0076C45A /* Release */ = {
			isa = XCBuildConfiguration;
			buildSettings = {
				ALWAYS_SEARCH_USER_PATHS = NO;
				CLANG_ANALYZER_NONNULL = YES;
				CLANG_CXX_LANGUAGE_STANDARD = "gnu++0x";
				CLANG_CXX_LIBRARY = "libc++";
				CLANG_ENABLE_MODULES = YES;
				CLANG_ENABLE_OBJC_ARC = YES;
				CLANG_WARN_BOOL_CONVERSION = YES;
				CLANG_WARN_CONSTANT_CONVERSION = YES;
				CLANG_WARN_DIRECT_OBJC_ISA_USAGE = YES_ERROR;
				CLANG_WARN_EMPTY_BODY = YES;
				CLANG_WARN_ENUM_CONVERSION = YES;
				CLANG_WARN_INT_CONVERSION = YES;
				CLANG_WARN_OBJC_ROOT_CLASS = YES_ERROR;
				CLANG_WARN_UNREACHABLE_CODE = YES;
				CLANG_WARN__DUPLICATE_METHOD_MATCH = YES;
				"CODE_SIGN_IDENTITY[sdk=iphoneos*]" = "iPhone Developer";
				COPY_PHASE_STRIP = NO;
				DEBUG_INFORMATION_FORMAT = "dwarf-with-dsym";
				ENABLE_NS_ASSERTIONS = NO;
				ENABLE_STRICT_OBJC_MSGSEND = YES;
				GCC_C_LANGUAGE_STANDARD = gnu99;
				GCC_NO_COMMON_BLOCKS = YES;
				GCC_WARN_64_TO_32_BIT_CONVERSION = YES;
				GCC_WARN_ABOUT_RETURN_TYPE = YES_ERROR;
				GCC_WARN_UNDECLARED_SELECTOR = YES;
				GCC_WARN_UNINITIALIZED_AUTOS = YES_AGGRESSIVE;
				GCC_WARN_UNUSED_FUNCTION = YES;
				GCC_WARN_UNUSED_VARIABLE = YES;
				IPHONEOS_DEPLOYMENT_TARGET = 9.3;
				MTL_ENABLE_DEBUG_INFO = NO;
				SDKROOT = iphoneos;
				VALIDATE_PRODUCT = YES;
			};
			name = Release;
		};
		D16E94221CC905FE0076C45A /* Debug */ = {
			isa = XCBuildConfiguration;
			baseConfigurationReference = 7F0964C40753850D63D607F1 /* Pods-SimpleTumblrClient.debug.xcconfig */;
			buildSettings = {
				ASSETCATALOG_COMPILER_APPICON_NAME = AppIcon;
				INFOPLIST_FILE = SimpleTumblrClient/Info.plist;
				LD_RUNPATH_SEARCH_PATHS = "$(inherited) @executable_path/Frameworks";
				PRODUCT_BUNDLE_IDENTIFIER = com.secansoida.SimpleTumblrClient;
				PRODUCT_NAME = "$(TARGET_NAME)";
			};
			name = Debug;
		};
		D16E94231CC905FE0076C45A /* Release */ = {
			isa = XCBuildConfiguration;
			baseConfigurationReference = 5EB802A05F90CD4DE363D823 /* Pods-SimpleTumblrClient.release.xcconfig */;
			buildSettings = {
				ASSETCATALOG_COMPILER_APPICON_NAME = AppIcon;
				INFOPLIST_FILE = SimpleTumblrClient/Info.plist;
				LD_RUNPATH_SEARCH_PATHS = "$(inherited) @executable_path/Frameworks";
				PRODUCT_BUNDLE_IDENTIFIER = com.secansoida.SimpleTumblrClient;
				PRODUCT_NAME = "$(TARGET_NAME)";
			};
			name = Release;
		};
		D16E94251CC905FE0076C45A /* Debug */ = {
			isa = XCBuildConfiguration;
			buildSettings = {
				BUNDLE_LOADER = "$(TEST_HOST)";
				INFOPLIST_FILE = SimpleTumblrClientTests/Info.plist;
				LD_RUNPATH_SEARCH_PATHS = "$(inherited) @executable_path/Frameworks @loader_path/Frameworks";
				PRODUCT_BUNDLE_IDENTIFIER = com.secansoida.SimpleTumblrClientTests;
				PRODUCT_NAME = "$(TARGET_NAME)";
				TEST_HOST = "$(BUILT_PRODUCTS_DIR)/SimpleTumblrClient.app/SimpleTumblrClient";
			};
			name = Debug;
		};
		D16E94261CC905FE0076C45A /* Release */ = {
			isa = XCBuildConfiguration;
			buildSettings = {
				BUNDLE_LOADER = "$(TEST_HOST)";
				INFOPLIST_FILE = SimpleTumblrClientTests/Info.plist;
				LD_RUNPATH_SEARCH_PATHS = "$(inherited) @executable_path/Frameworks @loader_path/Frameworks";
				PRODUCT_BUNDLE_IDENTIFIER = com.secansoida.SimpleTumblrClientTests;
				PRODUCT_NAME = "$(TARGET_NAME)";
				TEST_HOST = "$(BUILT_PRODUCTS_DIR)/SimpleTumblrClient.app/SimpleTumblrClient";
			};
			name = Release;
		};
		D16E94281CC905FE0076C45A /* Debug */ = {
			isa = XCBuildConfiguration;
			buildSettings = {
				INFOPLIST_FILE = SimpleTumblrClientUITests/Info.plist;
				LD_RUNPATH_SEARCH_PATHS = "$(inherited) @executable_path/Frameworks @loader_path/Frameworks";
				PRODUCT_BUNDLE_IDENTIFIER = com.secansoida.SimpleTumblrClientUITests;
				PRODUCT_NAME = "$(TARGET_NAME)";
				TEST_TARGET_NAME = SimpleTumblrClient;
			};
			name = Debug;
		};
		D16E94291CC905FE0076C45A /* Release */ = {
			isa = XCBuildConfiguration;
			buildSettings = {
				INFOPLIST_FILE = SimpleTumblrClientUITests/Info.plist;
				LD_RUNPATH_SEARCH_PATHS = "$(inherited) @executable_path/Frameworks @loader_path/Frameworks";
				PRODUCT_BUNDLE_IDENTIFIER = com.secansoida.SimpleTumblrClientUITests;
				PRODUCT_NAME = "$(TARGET_NAME)";
				TEST_TARGET_NAME = SimpleTumblrClient;
			};
			name = Release;
		};
/* End XCBuildConfiguration section */

/* Begin XCConfigurationList section */
		D16E93EC1CC905FE0076C45A /* Build configuration list for PBXProject "SimpleTumblrClient" */ = {
			isa = XCConfigurationList;
			buildConfigurations = (
				D16E941F1CC905FE0076C45A /* Debug */,
				D16E94201CC905FE0076C45A /* Release */,
			);
			defaultConfigurationIsVisible = 0;
			defaultConfigurationName = Release;
		};
		D16E94211CC905FE0076C45A /* Build configuration list for PBXNativeTarget "SimpleTumblrClient" */ = {
			isa = XCConfigurationList;
			buildConfigurations = (
				D16E94221CC905FE0076C45A /* Debug */,
				D16E94231CC905FE0076C45A /* Release */,
			);
			defaultConfigurationIsVisible = 0;
			defaultConfigurationName = Release;
		};
		D16E94241CC905FE0076C45A /* Build configuration list for PBXNativeTarget "SimpleTumblrClientTests" */ = {
			isa = XCConfigurationList;
			buildConfigurations = (
				D16E94251CC905FE0076C45A /* Debug */,
				D16E94261CC905FE0076C45A /* Release */,
			);
			defaultConfigurationIsVisible = 0;
			defaultConfigurationName = Release;
		};
		D16E94271CC905FE0076C45A /* Build configuration list for PBXNativeTarget "SimpleTumblrClientUITests" */ = {
			isa = XCConfigurationList;
			buildConfigurations = (
				D16E94281CC905FE0076C45A /* Debug */,
				D16E94291CC905FE0076C45A /* Release */,
			);
			defaultConfigurationIsVisible = 0;
			defaultConfigurationName = Release;
		};
/* End XCConfigurationList section */

/* Begin XCVersionGroup section */
		D16E94001CC905FE0076C45A /* SimpleTumblrClient.xcdatamodeld */ = {
			isa = XCVersionGroup;
			children = (
				D16E94011CC905FE0076C45A /* SimpleTumblrClient.xcdatamodel */,
			);
			currentVersion = D16E94011CC905FE0076C45A /* SimpleTumblrClient.xcdatamodel */;
			path = SimpleTumblrClient.xcdatamodeld;
			sourceTree = "<group>";
			versionGroupType = wrapper.xcdatamodel;
		};
/* End XCVersionGroup section */
	};
	rootObject = D16E93E91CC905FE0076C45A /* Project object */;
}
